
Microsoft Visual Studio Solution File, Format Version 12.00
# Visual Studio Version 17
VisualStudioVersion = 17.8.34601.278
MinimumVisualStudioVersion = 10.0.40219.1
Project("{FAE04EC0-301F-11D3-BF4B-00C04F79EFBC}") = "Lab 8 - CPRG-211-F", "Lab 8 - CPRG-211-F.csproj", "{36D197EA-543A-498F-8517-727E87783B21}"
EndProject
Global
	GlobalSection(SolutionConfigurationPlatforms) = preSolution
		Debug|Any CPU = Debug|Any CPU
		Release|Any CPU = Release|Any CPU
	EndGlobalSection
	GlobalSection(ProjectConfigurationPlatforms) = postSolution
		{36D197EA-543A-498F-8517-727E87783B21}.Debug|Any CPU.ActiveCfg = Debug|Any CPU
		{36D197EA-543A-498F-8517-727E87783B21}.Debug|Any CPU.Build.0 = Debug|Any CPU
		{36D197EA-543A-498F-8517-727E87783B21}.Release|Any CPU.ActiveCfg = Release|Any CPU
		{36D197EA-543A-498F-8517-727E87783B21}.Release|Any CPU.Build.0 = Release|Any CPU
	EndGlobalSection
	GlobalSection(SolutionProperties) = preSolution
		HideSolutionNode = FALSE
	EndGlobalSection
	GlobalSection(ExtensibilityGlobals) = postSolution
		SolutionGuid = {AEB3959B-6130-485A-9349-19591366149A}
	EndGlobalSection
EndGlobal
